// !$*UTF8*$!
{
	archiveVersion = 1;
	classes = {
	};
	objectVersion = 46;
	objects = {

/* Begin PBXBuildFile section */
		0408DDAD193A382B00E16597 /* menu_bottom.png in Resources */ = {isa = PBXBuildFile; fileRef = 0408DDA7193A382B00E16597 /* menu_bottom.png */; };
		0408DDAE193A382B00E16597 /* menu_logo.png in Resources */ = {isa = PBXBuildFile; fileRef = 0408DDA8193A382B00E16597 /* menu_logo.png */; };
		0408DDAF193A382B00E16597 /* menu01_football.png in Resources */ = {isa = PBXBuildFile; fileRef = 0408DDA9193A382B00E16597 /* menu01_football.png */; };
		0408DDB0193A382B00E16597 /* menu02_baseball.png in Resources */ = {isa = PBXBuildFile; fileRef = 0408DDAA193A382B00E16597 /* menu02_baseball.png */; };
		0408DDB1193A382B00E16597 /* menu03_prowrestling.png in Resources */ = {isa = PBXBuildFile; fileRef = 0408DDAB193A382B00E16597 /* menu03_prowrestling.png */; };
		0408DDB2193A382B00E16597 /* menu04_bowling.png in Resources */ = {isa = PBXBuildFile; fileRef = 0408DDAC193A382B00E16597 /* menu04_bowling.png */; };
		0408DDB5193A3C6D00E16597 /* MatchRegisterViewController.m in Sources */ = {isa = PBXBuildFile; fileRef = 0408DDB4193A3C6D00E16597 /* MatchRegisterViewController.m */; };
		0423DC31193A31D800263FB9 /* Main.storyboard in Resources */ = {isa = PBXBuildFile; fileRef = 0423DC30193A31D800263FB9 /* Main.storyboard */; };
		0423DC34193A375400263FB9 /* MatchTypeViewController.m in Sources */ = {isa = PBXBuildFile; fileRef = 0423DC33193A375400263FB9 /* MatchTypeViewController.m */; };
		042D0D941939AFBD004AFEA3 /* Foundation.framework in Frameworks */ = {isa = PBXBuildFile; fileRef = 042D0D931939AFBD004AFEA3 /* Foundation.framework */; };
		042D0D961939AFBE004AFEA3 /* CoreGraphics.framework in Frameworks */ = {isa = PBXBuildFile; fileRef = 042D0D951939AFBE004AFEA3 /* CoreGraphics.framework */; };
		042D0D981939AFBE004AFEA3 /* UIKit.framework in Frameworks */ = {isa = PBXBuildFile; fileRef = 042D0D971939AFBE004AFEA3 /* UIKit.framework */; };
		042D0D9E1939AFBE004AFEA3 /* InfoPlist.strings in Resources */ = {isa = PBXBuildFile; fileRef = 042D0D9C1939AFBE004AFEA3 /* InfoPlist.strings */; };
		042D0DA01939AFBE004AFEA3 /* main.m in Sources */ = {isa = PBXBuildFile; fileRef = 042D0D9F1939AFBE004AFEA3 /* main.m */; };
		042D0DA41939AFBE004AFEA3 /* AppDelegate.m in Sources */ = {isa = PBXBuildFile; fileRef = 042D0DA31939AFBE004AFEA3 /* AppDelegate.m */; };
		042D0DAA1939AFBE004AFEA3 /* ViewController.m in Sources */ = {isa = PBXBuildFile; fileRef = 042D0DA91939AFBE004AFEA3 /* ViewController.m */; };
		042D0DAC1939AFBE004AFEA3 /* Images.xcassets in Resources */ = {isa = PBXBuildFile; fileRef = 042D0DAB1939AFBE004AFEA3 /* Images.xcassets */; };
		042D0DB31939AFBE004AFEA3 /* XCTest.framework in Frameworks */ = {isa = PBXBuildFile; fileRef = 042D0DB21939AFBE004AFEA3 /* XCTest.framework */; };
		042D0DB41939AFBE004AFEA3 /* Foundation.framework in Frameworks */ = {isa = PBXBuildFile; fileRef = 042D0D931939AFBD004AFEA3 /* Foundation.framework */; };
		042D0DB51939AFBE004AFEA3 /* UIKit.framework in Frameworks */ = {isa = PBXBuildFile; fileRef = 042D0D971939AFBE004AFEA3 /* UIKit.framework */; };
		042D0DBD1939AFBE004AFEA3 /* InfoPlist.strings in Resources */ = {isa = PBXBuildFile; fileRef = 042D0DBB1939AFBE004AFEA3 /* InfoPlist.strings */; };
		042D0DBF1939AFBE004AFEA3 /* SPAJAMTests.m in Sources */ = {isa = PBXBuildFile; fileRef = 042D0DBE1939AFBE004AFEA3 /* SPAJAMTests.m */; };
		042D0DC91939B0D7004AFEA3 /* Parse.framework in Frameworks */ = {isa = PBXBuildFile; fileRef = 042D0DC81939B0D7004AFEA3 /* Parse.framework */; };
		042D0DCB1939B1FB004AFEA3 /* AudioToolbox.framework in Frameworks */ = {isa = PBXBuildFile; fileRef = 042D0DCA1939B1FB004AFEA3 /* AudioToolbox.framework */; };
		042D0DCD1939B20D004AFEA3 /* CFNetwork.framework in Frameworks */ = {isa = PBXBuildFile; fileRef = 042D0DCC1939B20D004AFEA3 /* CFNetwork.framework */; };
		042D0DCF1939B547004AFEA3 /* CoreLocation.framework in Frameworks */ = {isa = PBXBuildFile; fileRef = 042D0DCE1939B547004AFEA3 /* CoreLocation.framework */; };
		042D0DD11939B592004AFEA3 /* libz.dylib in Frameworks */ = {isa = PBXBuildFile; fileRef = 042D0DD01939B592004AFEA3 /* libz.dylib */; };
		042D0DD31939B59C004AFEA3 /* MobileCoreServices.framework in Frameworks */ = {isa = PBXBuildFile; fileRef = 042D0DD21939B59C004AFEA3 /* MobileCoreServices.framework */; };
		042D0DD51939B61E004AFEA3 /* QuartzCore.framework in Frameworks */ = {isa = PBXBuildFile; fileRef = 042D0DD41939B61E004AFEA3 /* QuartzCore.framework */; };
		042D0DD71939B626004AFEA3 /* Security.framework in Frameworks */ = {isa = PBXBuildFile; fileRef = 042D0DD61939B626004AFEA3 /* Security.framework */; };
		042D0DD91939B62E004AFEA3 /* StoreKit.framework in Frameworks */ = {isa = PBXBuildFile; fileRef = 042D0DD81939B62E004AFEA3 /* StoreKit.framework */; };
		042D0DDB1939B655004AFEA3 /* SystemConfiguration.framework in Frameworks */ = {isa = PBXBuildFile; fileRef = 042D0DDA1939B655004AFEA3 /* SystemConfiguration.framework */; };
		042D0DDD1939B8AF004AFEA3 /* FacebookSDK.framework in Frameworks */ = {isa = PBXBuildFile; fileRef = 042D0DDC1939B8AF004AFEA3 /* FacebookSDK.framework */; };
		042D0DE11939BC52004AFEA3 /* README.md in Resources */ = {isa = PBXBuildFile; fileRef = 042D0DE01939BC52004AFEA3 /* README.md */; };
		042D0DE51939BCB0004AFEA3 /* MatchProfileViewController.m in Sources */ = {isa = PBXBuildFile; fileRef = 042D0DE31939BCB0004AFEA3 /* MatchProfileViewController.m */; };
		04DCD8451939D1C800F38759 /* MatchFriendViewController.m in Sources */ = {isa = PBXBuildFile; fileRef = 04DCD8431939D1C800F38759 /* MatchFriendViewController.m */; };
		04DCD84A1939E5E000F38759 /* キャラ_ネイマール風.png in Resources */ = {isa = PBXBuildFile; fileRef = 04DCD8481939E5E000F38759 /* キャラ_ネイマール風.png */; };
		04DCD84B1939E5E000F38759 /* キャラ_メッシ風.png in Resources */ = {isa = PBXBuildFile; fileRef = 04DCD8491939E5E000F38759 /* キャラ_メッシ風.png */; };
		04DCD84E193A171000F38759 /* MatchSingleton.m in Sources */ = {isa = PBXBuildFile; fileRef = 04DCD84D193A171000F38759 /* MatchSingleton.m */; };
/* End PBXBuildFile section */

/* Begin PBXContainerItemProxy section */
		042D0DB61939AFBE004AFEA3 /* PBXContainerItemProxy */ = {
			isa = PBXContainerItemProxy;
			containerPortal = 042D0D881939AFBD004AFEA3 /* Project object */;
			proxyType = 1;
			remoteGlobalIDString = 042D0D8F1939AFBD004AFEA3;
			remoteInfo = SPAJAM;
		};
/* End PBXContainerItemProxy section */

/* Begin PBXFileReference section */
		0408DDA7193A382B00E16597 /* menu_bottom.png */ = {isa = PBXFileReference; lastKnownFileType = image.png; path = menu_bottom.png; sourceTree = "<group>"; };
		0408DDA8193A382B00E16597 /* menu_logo.png */ = {isa = PBXFileReference; lastKnownFileType = image.png; path = menu_logo.png; sourceTree = "<group>"; };
		0408DDA9193A382B00E16597 /* menu01_football.png */ = {isa = PBXFileReference; lastKnownFileType = image.png; path = menu01_football.png; sourceTree = "<group>"; };
		0408DDAA193A382B00E16597 /* menu02_baseball.png */ = {isa = PBXFileReference; lastKnownFileType = image.png; path = menu02_baseball.png; sourceTree = "<group>"; };
		0408DDAB193A382B00E16597 /* menu03_prowrestling.png */ = {isa = PBXFileReference; lastKnownFileType = image.png; path = menu03_prowrestling.png; sourceTree = "<group>"; };
		0408DDAC193A382B00E16597 /* menu04_bowling.png */ = {isa = PBXFileReference; lastKnownFileType = image.png; path = menu04_bowling.png; sourceTree = "<group>"; };
		0408DDB3193A3C6D00E16597 /* MatchRegisterViewController.h */ = {isa = PBXFileReference; fileEncoding = 4; lastKnownFileType = sourcecode.c.h; path = MatchRegisterViewController.h; sourceTree = "<group>"; };
		0408DDB4193A3C6D00E16597 /* MatchRegisterViewController.m */ = {isa = PBXFileReference; fileEncoding = 4; lastKnownFileType = sourcecode.c.objc; path = MatchRegisterViewController.m; sourceTree = "<group>"; };
		0423DC30193A31D800263FB9 /* Main.storyboard */ = {isa = PBXFileReference; fileEncoding = 4; lastKnownFileType = file.storyboard; path = Main.storyboard; sourceTree = "<group>"; };
		0423DC32193A375400263FB9 /* MatchTypeViewController.h */ = {isa = PBXFileReference; fileEncoding = 4; lastKnownFileType = sourcecode.c.h; path = MatchTypeViewController.h; sourceTree = "<group>"; };
		0423DC33193A375400263FB9 /* MatchTypeViewController.m */ = {isa = PBXFileReference; fileEncoding = 4; lastKnownFileType = sourcecode.c.objc; path = MatchTypeViewController.m; sourceTree = "<group>"; };
		042D0D901939AFBD004AFEA3 /* SPAJAM.app */ = {isa = PBXFileReference; explicitFileType = wrapper.application; includeInIndex = 0; path = SPAJAM.app; sourceTree = BUILT_PRODUCTS_DIR; };
		042D0D931939AFBD004AFEA3 /* Foundation.framework */ = {isa = PBXFileReference; lastKnownFileType = wrapper.framework; name = Foundation.framework; path = System/Library/Frameworks/Foundation.framework; sourceTree = SDKROOT; };
		042D0D951939AFBE004AFEA3 /* CoreGraphics.framework */ = {isa = PBXFileReference; lastKnownFileType = wrapper.framework; name = CoreGraphics.framework; path = System/Library/Frameworks/CoreGraphics.framework; sourceTree = SDKROOT; };
		042D0D971939AFBE004AFEA3 /* UIKit.framework */ = {isa = PBXFileReference; lastKnownFileType = wrapper.framework; name = UIKit.framework; path = System/Library/Frameworks/UIKit.framework; sourceTree = SDKROOT; };
		042D0D9B1939AFBE004AFEA3 /* SPAJAM-Info.plist */ = {isa = PBXFileReference; lastKnownFileType = text.plist.xml; path = "SPAJAM-Info.plist"; sourceTree = "<group>"; };
		042D0D9D1939AFBE004AFEA3 /* en */ = {isa = PBXFileReference; lastKnownFileType = text.plist.strings; name = en; path = en.lproj/InfoPlist.strings; sourceTree = "<group>"; };
		042D0D9F1939AFBE004AFEA3 /* main.m */ = {isa = PBXFileReference; lastKnownFileType = sourcecode.c.objc; path = main.m; sourceTree = "<group>"; };
		042D0DA11939AFBE004AFEA3 /* SPAJAM-Prefix.pch */ = {isa = PBXFileReference; lastKnownFileType = sourcecode.c.h; path = "SPAJAM-Prefix.pch"; sourceTree = "<group>"; };
		042D0DA21939AFBE004AFEA3 /* AppDelegate.h */ = {isa = PBXFileReference; lastKnownFileType = sourcecode.c.h; path = AppDelegate.h; sourceTree = "<group>"; };
		042D0DA31939AFBE004AFEA3 /* AppDelegate.m */ = {isa = PBXFileReference; lastKnownFileType = sourcecode.c.objc; path = AppDelegate.m; sourceTree = "<group>"; };
		042D0DA81939AFBE004AFEA3 /* ViewController.h */ = {isa = PBXFileReference; lastKnownFileType = sourcecode.c.h; path = ViewController.h; sourceTree = "<group>"; };
		042D0DA91939AFBE004AFEA3 /* ViewController.m */ = {isa = PBXFileReference; lastKnownFileType = sourcecode.c.objc; path = ViewController.m; sourceTree = "<group>"; };
		042D0DAB1939AFBE004AFEA3 /* Images.xcassets */ = {isa = PBXFileReference; lastKnownFileType = folder.assetcatalog; path = Images.xcassets; sourceTree = "<group>"; };
		042D0DB11939AFBE004AFEA3 /* SPAJAMTests.xctest */ = {isa = PBXFileReference; explicitFileType = wrapper.cfbundle; includeInIndex = 0; path = SPAJAMTests.xctest; sourceTree = BUILT_PRODUCTS_DIR; };
		042D0DB21939AFBE004AFEA3 /* XCTest.framework */ = {isa = PBXFileReference; lastKnownFileType = wrapper.framework; name = XCTest.framework; path = Library/Frameworks/XCTest.framework; sourceTree = DEVELOPER_DIR; };
		042D0DBA1939AFBE004AFEA3 /* SPAJAMTests-Info.plist */ = {isa = PBXFileReference; lastKnownFileType = text.plist.xml; path = "SPAJAMTests-Info.plist"; sourceTree = "<group>"; };
		042D0DBC1939AFBE004AFEA3 /* en */ = {isa = PBXFileReference; lastKnownFileType = text.plist.strings; name = en; path = en.lproj/InfoPlist.strings; sourceTree = "<group>"; };
		042D0DBE1939AFBE004AFEA3 /* SPAJAMTests.m */ = {isa = PBXFileReference; lastKnownFileType = sourcecode.c.objc; path = SPAJAMTests.m; sourceTree = "<group>"; };
		042D0DC81939B0D7004AFEA3 /* Parse.framework */ = {isa = PBXFileReference; lastKnownFileType = wrapper.framework; path = Parse.framework; sourceTree = "<group>"; };
		042D0DCA1939B1FB004AFEA3 /* AudioToolbox.framework */ = {isa = PBXFileReference; lastKnownFileType = wrapper.framework; name = AudioToolbox.framework; path = System/Library/Frameworks/AudioToolbox.framework; sourceTree = SDKROOT; };
		042D0DCC1939B20D004AFEA3 /* CFNetwork.framework */ = {isa = PBXFileReference; lastKnownFileType = wrapper.framework; name = CFNetwork.framework; path = System/Library/Frameworks/CFNetwork.framework; sourceTree = SDKROOT; };
		042D0DCE1939B547004AFEA3 /* CoreLocation.framework */ = {isa = PBXFileReference; lastKnownFileType = wrapper.framework; name = CoreLocation.framework; path = System/Library/Frameworks/CoreLocation.framework; sourceTree = SDKROOT; };
		042D0DD01939B592004AFEA3 /* libz.dylib */ = {isa = PBXFileReference; lastKnownFileType = "compiled.mach-o.dylib"; name = libz.dylib; path = usr/lib/libz.dylib; sourceTree = SDKROOT; };
		042D0DD21939B59C004AFEA3 /* MobileCoreServices.framework */ = {isa = PBXFileReference; lastKnownFileType = wrapper.framework; name = MobileCoreServices.framework; path = System/Library/Frameworks/MobileCoreServices.framework; sourceTree = SDKROOT; };
		042D0DD41939B61E004AFEA3 /* QuartzCore.framework */ = {isa = PBXFileReference; lastKnownFileType = wrapper.framework; name = QuartzCore.framework; path = System/Library/Frameworks/QuartzCore.framework; sourceTree = SDKROOT; };
		042D0DD61939B626004AFEA3 /* Security.framework */ = {isa = PBXFileReference; lastKnownFileType = wrapper.framework; name = Security.framework; path = System/Library/Frameworks/Security.framework; sourceTree = SDKROOT; };
		042D0DD81939B62E004AFEA3 /* StoreKit.framework */ = {isa = PBXFileReference; lastKnownFileType = wrapper.framework; name = StoreKit.framework; path = System/Library/Frameworks/StoreKit.framework; sourceTree = SDKROOT; };
		042D0DDA1939B655004AFEA3 /* SystemConfiguration.framework */ = {isa = PBXFileReference; lastKnownFileType = wrapper.framework; name = SystemConfiguration.framework; path = System/Library/Frameworks/SystemConfiguration.framework; sourceTree = SDKROOT; };
		042D0DDC1939B8AF004AFEA3 /* FacebookSDK.framework */ = {isa = PBXFileReference; lastKnownFileType = wrapper.framework; path = FacebookSDK.framework; sourceTree = "<group>"; };
		042D0DE01939BC52004AFEA3 /* README.md */ = {isa = PBXFileReference; fileEncoding = 4; lastKnownFileType = text; path = README.md; sourceTree = SOURCE_ROOT; };
		042D0DE21939BCB0004AFEA3 /* MatchProfileViewController.h */ = {isa = PBXFileReference; fileEncoding = 4; lastKnownFileType = sourcecode.c.h; path = MatchProfileViewController.h; sourceTree = "<group>"; };
		042D0DE31939BCB0004AFEA3 /* MatchProfileViewController.m */ = {isa = PBXFileReference; fileEncoding = 4; lastKnownFileType = sourcecode.c.objc; path = MatchProfileViewController.m; sourceTree = "<group>"; };
		04DCD8421939D1C800F38759 /* MatchFriendViewController.h */ = {isa = PBXFileReference; fileEncoding = 4; lastKnownFileType = sourcecode.c.h; path = MatchFriendViewController.h; sourceTree = "<group>"; };
		04DCD8431939D1C800F38759 /* MatchFriendViewController.m */ = {isa = PBXFileReference; fileEncoding = 4; lastKnownFileType = sourcecode.c.objc; path = MatchFriendViewController.m; sourceTree = "<group>"; };
		04DCD8481939E5E000F38759 /* キャラ_ネイマール風.png */ = {isa = PBXFileReference; lastKnownFileType = image.png; path = "キャラ_ネイマール風.png"; sourceTree = "<group>"; };
		04DCD8491939E5E000F38759 /* キャラ_メッシ風.png */ = {isa = PBXFileReference; lastKnownFileType = image.png; path = "キャラ_メッシ風.png"; sourceTree = "<group>"; };
		04DCD84C193A171000F38759 /* MatchSingleton.h */ = {isa = PBXFileReference; fileEncoding = 4; lastKnownFileType = sourcecode.c.h; path = MatchSingleton.h; sourceTree = "<group>"; };
		04DCD84D193A171000F38759 /* MatchSingleton.m */ = {isa = PBXFileReference; fileEncoding = 4; lastKnownFileType = sourcecode.c.objc; path = MatchSingleton.m; sourceTree = "<group>"; };
/* End PBXFileReference section */

/* Begin PBXFrameworksBuildPhase section */
		042D0D8D1939AFBD004AFEA3 /* Frameworks */ = {
			isa = PBXFrameworksBuildPhase;
			buildActionMask = 2147483647;
			files = (
				042D0DDB1939B655004AFEA3 /* SystemConfiguration.framework in Frameworks */,
				042D0DD91939B62E004AFEA3 /* StoreKit.framework in Frameworks */,
				042D0DD71939B626004AFEA3 /* Security.framework in Frameworks */,
				042D0DD51939B61E004AFEA3 /* QuartzCore.framework in Frameworks */,
				042D0DD31939B59C004AFEA3 /* MobileCoreServices.framework in Frameworks */,
				042D0DD11939B592004AFEA3 /* libz.dylib in Frameworks */,
				042D0DCF1939B547004AFEA3 /* CoreLocation.framework in Frameworks */,
				042D0DCD1939B20D004AFEA3 /* CFNetwork.framework in Frameworks */,
				042D0DCB1939B1FB004AFEA3 /* AudioToolbox.framework in Frameworks */,
				042D0D961939AFBE004AFEA3 /* CoreGraphics.framework in Frameworks */,
				042D0D981939AFBE004AFEA3 /* UIKit.framework in Frameworks */,
				042D0DC91939B0D7004AFEA3 /* Parse.framework in Frameworks */,
				042D0D941939AFBD004AFEA3 /* Foundation.framework in Frameworks */,
				042D0DDD1939B8AF004AFEA3 /* FacebookSDK.framework in Frameworks */,
			);
			runOnlyForDeploymentPostprocessing = 0;
		};
		042D0DAE1939AFBE004AFEA3 /* Frameworks */ = {
			isa = PBXFrameworksBuildPhase;
			buildActionMask = 2147483647;
			files = (
				042D0DB31939AFBE004AFEA3 /* XCTest.framework in Frameworks */,
				042D0DB51939AFBE004AFEA3 /* UIKit.framework in Frameworks */,
				042D0DB41939AFBE004AFEA3 /* Foundation.framework in Frameworks */,
			);
			runOnlyForDeploymentPostprocessing = 0;
		};
/* End PBXFrameworksBuildPhase section */

/* Begin PBXGroup section */
		042D0D871939AFBD004AFEA3 = {
			isa = PBXGroup;
			children = (
				0423DC30193A31D800263FB9 /* Main.storyboard */,
				042D0D991939AFBE004AFEA3 /* SPAJAM */,
				042D0DB81939AFBE004AFEA3 /* SPAJAMTests */,
				042D0D921939AFBD004AFEA3 /* Frameworks */,
				042D0D911939AFBD004AFEA3 /* Products */,
			);
			sourceTree = "<group>";
		};
		042D0D911939AFBD004AFEA3 /* Products */ = {
			isa = PBXGroup;
			children = (
				042D0D901939AFBD004AFEA3 /* SPAJAM.app */,
				042D0DB11939AFBE004AFEA3 /* SPAJAMTests.xctest */,
			);
			name = Products;
			sourceTree = "<group>";
		};
		042D0D921939AFBD004AFEA3 /* Frameworks */ = {
			isa = PBXGroup;
			children = (
				042D0DDC1939B8AF004AFEA3 /* FacebookSDK.framework */,
				042D0DDA1939B655004AFEA3 /* SystemConfiguration.framework */,
				042D0DD81939B62E004AFEA3 /* StoreKit.framework */,
				042D0DD61939B626004AFEA3 /* Security.framework */,
				042D0DD41939B61E004AFEA3 /* QuartzCore.framework */,
				042D0DD21939B59C004AFEA3 /* MobileCoreServices.framework */,
				042D0DD01939B592004AFEA3 /* libz.dylib */,
				042D0DCE1939B547004AFEA3 /* CoreLocation.framework */,
				042D0DCC1939B20D004AFEA3 /* CFNetwork.framework */,
				042D0DCA1939B1FB004AFEA3 /* AudioToolbox.framework */,
				042D0DC81939B0D7004AFEA3 /* Parse.framework */,
				042D0D931939AFBD004AFEA3 /* Foundation.framework */,
				042D0D951939AFBE004AFEA3 /* CoreGraphics.framework */,
				042D0D971939AFBE004AFEA3 /* UIKit.framework */,
				042D0DB21939AFBE004AFEA3 /* XCTest.framework */,
			);
			name = Frameworks;
			sourceTree = "<group>";
		};
		042D0D991939AFBE004AFEA3 /* SPAJAM */ = {
			isa = PBXGroup;
			children = (
				042D0DA21939AFBE004AFEA3 /* AppDelegate.h */,
				042D0DA31939AFBE004AFEA3 /* AppDelegate.m */,
				04DCD84C193A171000F38759 /* MatchSingleton.h */,
				04DCD84D193A171000F38759 /* MatchSingleton.m */,
				042D0DA81939AFBE004AFEA3 /* ViewController.h */,
				042D0DA91939AFBE004AFEA3 /* ViewController.m */,
				042D0DE21939BCB0004AFEA3 /* MatchProfileViewController.h */,
				042D0DE31939BCB0004AFEA3 /* MatchProfileViewController.m */,
				0423DC32193A375400263FB9 /* MatchTypeViewController.h */,
				0423DC33193A375400263FB9 /* MatchTypeViewController.m */,
				04DCD8421939D1C800F38759 /* MatchFriendViewController.h */,
				04DCD8431939D1C800F38759 /* MatchFriendViewController.m */,
				0408DDB3193A3C6D00E16597 /* MatchRegisterViewController.h */,
				0408DDB4193A3C6D00E16597 /* MatchRegisterViewController.m */,
				042D0DAB1939AFBE004AFEA3 /* Images.xcassets */,
				04DCD8471939E5E000F38759 /* images */,
				042D0D9A1939AFBE004AFEA3 /* Supporting Files */,
			);
			path = SPAJAM;
			sourceTree = "<group>";
		};
		042D0D9A1939AFBE004AFEA3 /* Supporting Files */ = {
			isa = PBXGroup;
			children = (
				042D0DE01939BC52004AFEA3 /* README.md */,
				042D0D9B1939AFBE004AFEA3 /* SPAJAM-Info.plist */,
				042D0D9C1939AFBE004AFEA3 /* InfoPlist.strings */,
				042D0D9F1939AFBE004AFEA3 /* main.m */,
				042D0DA11939AFBE004AFEA3 /* SPAJAM-Prefix.pch */,
			);
			name = "Supporting Files";
			sourceTree = "<group>";
		};
		042D0DB81939AFBE004AFEA3 /* SPAJAMTests */ = {
			isa = PBXGroup;
			children = (
				042D0DBE1939AFBE004AFEA3 /* SPAJAMTests.m */,
				042D0DB91939AFBE004AFEA3 /* Supporting Files */,
			);
			path = SPAJAMTests;
			sourceTree = "<group>";
		};
		042D0DB91939AFBE004AFEA3 /* Supporting Files */ = {
			isa = PBXGroup;
			children = (
				042D0DBA1939AFBE004AFEA3 /* SPAJAMTests-Info.plist */,
				042D0DBB1939AFBE004AFEA3 /* InfoPlist.strings */,
			);
			name = "Supporting Files";
			sourceTree = "<group>";
		};
		04DCD8471939E5E000F38759 /* images */ = {
			isa = PBXGroup;
			children = (
				0408DDA7193A382B00E16597 /* menu_bottom.png */,
				0408DDA8193A382B00E16597 /* menu_logo.png */,
				0408DDA9193A382B00E16597 /* menu01_football.png */,
				0408DDAA193A382B00E16597 /* menu02_baseball.png */,
				0408DDAB193A382B00E16597 /* menu03_prowrestling.png */,
				0408DDAC193A382B00E16597 /* menu04_bowling.png */,
				04DCD8481939E5E000F38759 /* キャラ_ネイマール風.png */,
				04DCD8491939E5E000F38759 /* キャラ_メッシ風.png */,
			);
			path = images;
			sourceTree = "<group>";
		};
/* End PBXGroup section */

/* Begin PBXNativeTarget section */
		042D0D8F1939AFBD004AFEA3 /* SPAJAM */ = {
			isa = PBXNativeTarget;
			buildConfigurationList = 042D0DC21939AFBE004AFEA3 /* Build configuration list for PBXNativeTarget "SPAJAM" */;
			buildPhases = (
				042D0D8C1939AFBD004AFEA3 /* Sources */,
				042D0D8D1939AFBD004AFEA3 /* Frameworks */,
				042D0D8E1939AFBD004AFEA3 /* Resources */,
			);
			buildRules = (
			);
			dependencies = (
			);
			name = SPAJAM;
			productName = SPAJAM;
			productReference = 042D0D901939AFBD004AFEA3 /* SPAJAM.app */;
			productType = "com.apple.product-type.application";
		};
		042D0DB01939AFBE004AFEA3 /* SPAJAMTests */ = {
			isa = PBXNativeTarget;
			buildConfigurationList = 042D0DC51939AFBE004AFEA3 /* Build configuration list for PBXNativeTarget "SPAJAMTests" */;
			buildPhases = (
				042D0DAD1939AFBE004AFEA3 /* Sources */,
				042D0DAE1939AFBE004AFEA3 /* Frameworks */,
				042D0DAF1939AFBE004AFEA3 /* Resources */,
			);
			buildRules = (
			);
			dependencies = (
				042D0DB71939AFBE004AFEA3 /* PBXTargetDependency */,
			);
			name = SPAJAMTests;
			productName = SPAJAMTests;
			productReference = 042D0DB11939AFBE004AFEA3 /* SPAJAMTests.xctest */;
			productType = "com.apple.product-type.bundle.unit-test";
		};
/* End PBXNativeTarget section */

/* Begin PBXProject section */
		042D0D881939AFBD004AFEA3 /* Project object */ = {
			isa = PBXProject;
			attributes = {
				LastUpgradeCheck = 0510;
				ORGANIZATIONNAME = "Corey Lee";
				TargetAttributes = {
					042D0D8F1939AFBD004AFEA3 = {
						DevelopmentTeam = AMAB735TRC;
					};
					042D0DB01939AFBE004AFEA3 = {
						TestTargetID = 042D0D8F1939AFBD004AFEA3;
					};
				};
			};
			buildConfigurationList = 042D0D8B1939AFBD004AFEA3 /* Build configuration list for PBXProject "SPAJAM" */;
			compatibilityVersion = "Xcode 3.2";
			developmentRegion = English;
			hasScannedForEncodings = 0;
			knownRegions = (
				en,
				Base,
			);
			mainGroup = 042D0D871939AFBD004AFEA3;
			productRefGroup = 042D0D911939AFBD004AFEA3 /* Products */;
			projectDirPath = "";
			projectRoot = "";
			targets = (
				042D0D8F1939AFBD004AFEA3 /* SPAJAM */,
				042D0DB01939AFBE004AFEA3 /* SPAJAMTests */,
			);
		};
/* End PBXProject section */

/* Begin PBXResourcesBuildPhase section */
		042D0D8E1939AFBD004AFEA3 /* Resources */ = {
			isa = PBXResourcesBuildPhase;
			buildActionMask = 2147483647;
			files = (
				0408DDB0193A382B00E16597 /* menu02_baseball.png in Resources */,
				04DCD84B1939E5E000F38759 /* キャラ_メッシ風.png in Resources */,
				042D0DAC1939AFBE004AFEA3 /* Images.xcassets in Resources */,
				042D0D9E1939AFBE004AFEA3 /* InfoPlist.strings in Resources */,
				0408DDAD193A382B00E16597 /* menu_bottom.png in Resources */,
				0408DDAF193A382B00E16597 /* menu01_football.png in Resources */,
				04DCD84A1939E5E000F38759 /* キャラ_ネイマール風.png in Resources */,
				0408DDAE193A382B00E16597 /* menu_logo.png in Resources */,
				0423DC31193A31D800263FB9 /* Main.storyboard in Resources */,
				0408DDB1193A382B00E16597 /* menu03_prowrestling.png in Resources */,
				042D0DE11939BC52004AFEA3 /* README.md in Resources */,
				0408DDB2193A382B00E16597 /* menu04_bowling.png in Resources */,
			);
			runOnlyForDeploymentPostprocessing = 0;
		};
		042D0DAF1939AFBE004AFEA3 /* Resources */ = {
			isa = PBXResourcesBuildPhase;
			buildActionMask = 2147483647;
			files = (
				042D0DBD1939AFBE004AFEA3 /* InfoPlist.strings in Resources */,
			);
			runOnlyForDeploymentPostprocessing = 0;
		};
/* End PBXResourcesBuildPhase section */

/* Begin PBXSourcesBuildPhase section */
		042D0D8C1939AFBD004AFEA3 /* Sources */ = {
			isa = PBXSourcesBuildPhase;
			buildActionMask = 2147483647;
			files = (
				042D0DE51939BCB0004AFEA3 /* MatchProfileViewController.m in Sources */,
				0408DDB5193A3C6D00E16597 /* MatchRegisterViewController.m in Sources */,
				0423DC34193A375400263FB9 /* MatchTypeViewController.m in Sources */,
				042D0DAA1939AFBE004AFEA3 /* ViewController.m in Sources */,
				042D0DA41939AFBE004AFEA3 /* AppDelegate.m in Sources */,
				04DCD8451939D1C800F38759 /* MatchFriendViewController.m in Sources */,
				042D0DA01939AFBE004AFEA3 /* main.m in Sources */,
				04DCD84E193A171000F38759 /* MatchSingleton.m in Sources */,
			);
			runOnlyForDeploymentPostprocessing = 0;
		};
		042D0DAD1939AFBE004AFEA3 /* Sources */ = {
			isa = PBXSourcesBuildPhase;
			buildActionMask = 2147483647;
			files = (
				042D0DBF1939AFBE004AFEA3 /* SPAJAMTests.m in Sources */,
			);
			runOnlyForDeploymentPostprocessing = 0;
		};
/* End PBXSourcesBuildPhase section */

/* Begin PBXTargetDependency section */
		042D0DB71939AFBE004AFEA3 /* PBXTargetDependency */ = {
			isa = PBXTargetDependency;
			target = 042D0D8F1939AFBD004AFEA3 /* SPAJAM */;
			targetProxy = 042D0DB61939AFBE004AFEA3 /* PBXContainerItemProxy */;
		};
/* End PBXTargetDependency section */

/* Begin PBXVariantGroup section */
		042D0D9C1939AFBE004AFEA3 /* InfoPlist.strings */ = {
			isa = PBXVariantGroup;
			children = (
				042D0D9D1939AFBE004AFEA3 /* en */,
			);
			name = InfoPlist.strings;
			sourceTree = "<group>";
		};
		042D0DBB1939AFBE004AFEA3 /* InfoPlist.strings */ = {
			isa = PBXVariantGroup;
			children = (
				042D0DBC1939AFBE004AFEA3 /* en */,
			);
			name = InfoPlist.strings;
			sourceTree = "<group>";
		};
/* End PBXVariantGroup section */

/* Begin XCBuildConfiguration section */
		042D0DC01939AFBE004AFEA3 /* Debug */ = {
			isa = XCBuildConfiguration;
			buildSettings = {
				ALWAYS_SEARCH_USER_PATHS = NO;
				CLANG_CXX_LANGUAGE_STANDARD = "gnu++0x";
				CLANG_CXX_LIBRARY = "libc++";
				CLANG_ENABLE_MODULES = YES;
				CLANG_ENABLE_OBJC_ARC = YES;
				CLANG_WARN_BOOL_CONVERSION = YES;
				CLANG_WARN_CONSTANT_CONVERSION = YES;
				CLANG_WARN_DIRECT_OBJC_ISA_USAGE = YES_ERROR;
				CLANG_WARN_EMPTY_BODY = YES;
				CLANG_WARN_ENUM_CONVERSION = YES;
				CLANG_WARN_INT_CONVERSION = YES;
				CLANG_WARN_OBJC_ROOT_CLASS = YES_ERROR;
				CLANG_WARN__DUPLICATE_METHOD_MATCH = YES;
				"CODE_SIGN_IDENTITY[sdk=iphoneos*]" = "iPhone Developer";
				COPY_PHASE_STRIP = NO;
				GCC_C_LANGUAGE_STANDARD = gnu99;
				GCC_DYNAMIC_NO_PIC = NO;
				GCC_OPTIMIZATION_LEVEL = 0;
				GCC_PREPROCESSOR_DEFINITIONS = (
					"DEBUG=1",
					"$(inherited)",
				);
				GCC_SYMBOLS_PRIVATE_EXTERN = NO;
				GCC_WARN_64_TO_32_BIT_CONVERSION = YES;
				GCC_WARN_ABOUT_RETURN_TYPE = YES_ERROR;
				GCC_WARN_UNDECLARED_SELECTOR = YES;
				GCC_WARN_UNINITIALIZED_AUTOS = YES_AGGRESSIVE;
				GCC_WARN_UNUSED_FUNCTION = YES;
				GCC_WARN_UNUSED_VARIABLE = YES;
				IPHONEOS_DEPLOYMENT_TARGET = 7.1;
				ONLY_ACTIVE_ARCH = YES;
				SDKROOT = iphoneos;
			};
			name = Debug;
		};
		042D0DC11939AFBE004AFEA3 /* Release */ = {
			isa = XCBuildConfiguration;
			buildSettings = {
				ALWAYS_SEARCH_USER_PATHS = NO;
				CLANG_CXX_LANGUAGE_STANDARD = "gnu++0x";
				CLANG_CXX_LIBRARY = "libc++";
				CLANG_ENABLE_MODULES = YES;
				CLANG_ENABLE_OBJC_ARC = YES;
				CLANG_WARN_BOOL_CONVERSION = YES;
				CLANG_WARN_CONSTANT_CONVERSION = YES;
				CLANG_WARN_DIRECT_OBJC_ISA_USAGE = YES_ERROR;
				CLANG_WARN_EMPTY_BODY = YES;
				CLANG_WARN_ENUM_CONVERSION = YES;
				CLANG_WARN_INT_CONVERSION = YES;
				CLANG_WARN_OBJC_ROOT_CLASS = YES_ERROR;
				CLANG_WARN__DUPLICATE_METHOD_MATCH = YES;
				"CODE_SIGN_IDENTITY[sdk=iphoneos*]" = "iPhone Developer";
				COPY_PHASE_STRIP = YES;
				ENABLE_NS_ASSERTIONS = NO;
				GCC_C_LANGUAGE_STANDARD = gnu99;
				GCC_WARN_64_TO_32_BIT_CONVERSION = YES;
				GCC_WARN_ABOUT_RETURN_TYPE = YES_ERROR;
				GCC_WARN_UNDECLARED_SELECTOR = YES;
				GCC_WARN_UNINITIALIZED_AUTOS = YES_AGGRESSIVE;
				GCC_WARN_UNUSED_FUNCTION = YES;
				GCC_WARN_UNUSED_VARIABLE = YES;
				IPHONEOS_DEPLOYMENT_TARGET = 7.1;
				SDKROOT = iphoneos;
				VALIDATE_PRODUCT = YES;
			};
			name = Release;
		};
		042D0DC31939AFBE004AFEA3 /* Debug */ = {
			isa = XCBuildConfiguration;
			buildSettings = {
				ASSETCATALOG_COMPILER_APPICON_NAME = AppIcon;
				ASSETCATALOG_COMPILER_LAUNCHIMAGE_NAME = LaunchImage;
				CODE_SIGN_IDENTITY = "iPhone Developer";
				FRAMEWORK_SEARCH_PATHS = (
					"$(inherited)",
					"$(PROJECT_DIR)",
				);
				GCC_PRECOMPILE_PREFIX_HEADER = YES;
				GCC_PREFIX_HEADER = "SPAJAM/SPAJAM-Prefix.pch";
				INFOPLIST_FILE = "SPAJAM/SPAJAM-Info.plist";
				PRODUCT_NAME = "$(TARGET_NAME)";
				WRAPPER_EXTENSION = app;
			};
			name = Debug;
		};
		042D0DC41939AFBE004AFEA3 /* Release */ = {
			isa = XCBuildConfiguration;
			buildSettings = {
				ASSETCATALOG_COMPILER_APPICON_NAME = AppIcon;
				ASSETCATALOG_COMPILER_LAUNCHIMAGE_NAME = LaunchImage;
				CODE_SIGN_IDENTITY = "iPhone Developer";
				FRAMEWORK_SEARCH_PATHS = (
					"$(inherited)",
					"$(PROJECT_DIR)",
				);
				GCC_PRECOMPILE_PREFIX_HEADER = YES;
				GCC_PREFIX_HEADER = "SPAJAM/SPAJAM-Prefix.pch";
				INFOPLIST_FILE = "SPAJAM/SPAJAM-Info.plist";
				PRODUCT_NAME = "$(TARGET_NAME)";
				WRAPPER_EXTENSION = app;
			};
			name = Release;
		};
		042D0DC61939AFBE004AFEA3 /* Debug */ = {
			isa = XCBuildConfiguration;
			buildSettings = {
				BUNDLE_LOADER = "$(BUILT_PRODUCTS_DIR)/SPAJAM.app/SPAJAM";
				FRAMEWORK_SEARCH_PATHS = (
					"$(SDKROOT)/Developer/Library/Frameworks",
					"$(inherited)",
					"$(DEVELOPER_FRAMEWORKS_DIR)",
				);
				GCC_PRECOMPILE_PREFIX_HEADER = YES;
				GCC_PREFIX_HEADER = "SPAJAM/SPAJAM-Prefix.pch";
				GCC_PREPROCESSOR_DEFINITIONS = (
					"DEBUG=1",
					"$(inherited)",
				);
				INFOPLIST_FILE = "SPAJAMTests/SPAJAMTests-Info.plist";
				PRODUCT_NAME = "$(TARGET_NAME)";
				TEST_HOST = "$(BUNDLE_LOADER)";
				WRAPPER_EXTENSION = xctest;
			};
			name = Debug;
		};
		042D0DC71939AFBE004AFEA3 /* Release */ = {
			isa = XCBuildConfiguration;
			buildSettings = {
				BUNDLE_LOADER = "$(BUILT_PRODUCTS_DIR)/SPAJAM.app/SPAJAM";
				FRAMEWORK_SEARCH_PATHS = (
					"$(SDKROOT)/Developer/Library/Frameworks",
					"$(inherited)",
					"$(DEVELOPER_FRAMEWORKS_DIR)",
				);
				GCC_PRECOMPILE_PREFIX_HEADER = YES;
				GCC_PREFIX_HEADER = "SPAJAM/SPAJAM-Prefix.pch";
				INFOPLIST_FILE = "SPAJAMTests/SPAJAMTests-Info.plist";
				PRODUCT_NAME = "$(TARGET_NAME)";
				TEST_HOST = "$(BUNDLE_LOADER)";
				WRAPPER_EXTENSION = xctest;
			};
			name = Release;
		};
/* End XCBuildConfiguration section */

/* Begin XCConfigurationList section */
		042D0D8B1939AFBD004AFEA3 /* Build configuration list for PBXProject "SPAJAM" */ = {
			isa = XCConfigurationList;
			buildConfigurations = (
				042D0DC01939AFBE004AFEA3 /* Debug */,
				042D0DC11939AFBE004AFEA3 /* Release */,
			);
			defaultConfigurationIsVisible = 0;
			defaultConfigurationName = Release;
		};
		042D0DC21939AFBE004AFEA3 /* Build configuration list for PBXNativeTarget "SPAJAM" */ = {
			isa = XCConfigurationList;
			buildConfigurations = (
				042D0DC31939AFBE004AFEA3 /* Debug */,
				042D0DC41939AFBE004AFEA3 /* Release */,
			);
			defaultConfigurationIsVisible = 0;
			defaultConfigurationName = Release;
		};
		042D0DC51939AFBE004AFEA3 /* Build configuration list for PBXNativeTarget "SPAJAMTests" */ = {
			isa = XCConfigurationList;
			buildConfigurations = (
				042D0DC61939AFBE004AFEA3 /* Debug */,
				042D0DC71939AFBE004AFEA3 /* Release */,
			);
			defaultConfigurationIsVisible = 0;
			defaultConfigurationName = Release;
		};
/* End XCConfigurationList section */
	};
	rootObject = 042D0D881939AFBD004AFEA3 /* Project object */;
}
